// !$*UTF8*$!
{
	archiveVersion = 1;
	classes = {
	};
	objectVersion = 54;
	objects = {

/* Begin PBXBuildFile section */
		843391F526655057003089C3 /* NewsCell.swift in Sources */ = {isa = PBXBuildFile; fileRef = 843391F326655057003089C3 /* NewsCell.swift */; };
		843391F626655057003089C3 /* NewsCell.xib in Resources */ = {isa = PBXBuildFile; fileRef = 843391F426655057003089C3 /* NewsCell.xib */; };
		8435B3302647111E004CA045 /* FieldValidator.swift in Sources */ = {isa = PBXBuildFile; fileRef = 8435B32F2647111E004CA045 /* FieldValidator.swift */; };
		8436D698266B972B001715B1 /* NewsCellModel.swift in Sources */ = {isa = PBXBuildFile; fileRef = 8436D697266B972B001715B1 /* NewsCellModel.swift */; };
		8436D69E266BA275001715B1 /* Kingfisher in Frameworks */ = {isa = PBXBuildFile; productRef = 8436D69D266BA275001715B1 /* Kingfisher */; };
		8436D6A6266BAE86001715B1 /* Assets.xcassets in Resources */ = {isa = PBXBuildFile; fileRef = 8436D6A5266BAE86001715B1 /* Assets.xcassets */; };
		843B3F0A266D4AB6009F7C19 /* SteamNewsViewController.swift in Sources */ = {isa = PBXBuildFile; fileRef = 843B3F09266D4AB6009F7C19 /* SteamNewsViewController.swift */; };
		843B3F12266D4ADB009F7C19 /* SteamNewsInteractor.swift in Sources */ = {isa = PBXBuildFile; fileRef = 843B3F11266D4ADB009F7C19 /* SteamNewsInteractor.swift */; };
		843B3F17266D4AEA009F7C19 /* SteamNewsPresenter.swift in Sources */ = {isa = PBXBuildFile; fileRef = 843B3F16266D4AEA009F7C19 /* SteamNewsPresenter.swift */; };
		843B3F1C266D4AF9009F7C19 /* SteamNewsRouter.swift in Sources */ = {isa = PBXBuildFile; fileRef = 843B3F1B266D4AF9009F7C19 /* SteamNewsRouter.swift */; };
		843B3F21266D4B06009F7C19 /* SteamNewsWorker.swift in Sources */ = {isa = PBXBuildFile; fileRef = 843B3F20266D4B06009F7C19 /* SteamNewsWorker.swift */; };
		843B3F26266D4B17009F7C19 /* SteamNewsViewController.storyboard in Resources */ = {isa = PBXBuildFile; fileRef = 843B3F25266D4B17009F7C19 /* SteamNewsViewController.storyboard */; };
		843B3F2C266D4BA2009F7C19 /* VideosViewController.swift in Sources */ = {isa = PBXBuildFile; fileRef = 843B3F2B266D4BA2009F7C19 /* VideosViewController.swift */; };
		843B3F31266D4BCE009F7C19 /* VideosInteractor.swift in Sources */ = {isa = PBXBuildFile; fileRef = 843B3F30266D4BCE009F7C19 /* VideosInteractor.swift */; };
		843B3F36266D4BD8009F7C19 /* VideosPresenter.swift in Sources */ = {isa = PBXBuildFile; fileRef = 843B3F35266D4BD8009F7C19 /* VideosPresenter.swift */; };
		843B3F3B266D4BE4009F7C19 /* VideosWorker.swift in Sources */ = {isa = PBXBuildFile; fileRef = 843B3F3A266D4BE4009F7C19 /* VideosWorker.swift */; };
		843B3F40266D4BF7009F7C19 /* VideosRouter.swift in Sources */ = {isa = PBXBuildFile; fileRef = 843B3F3F266D4BF7009F7C19 /* VideosRouter.swift */; };
		843B3F45266D4C06009F7C19 /* VideosViewController.storyboard in Resources */ = {isa = PBXBuildFile; fileRef = 843B3F44266D4C06009F7C19 /* VideosViewController.storyboard */; };
		843B3F4C266D4DB8009F7C19 /* VideoCell.swift in Sources */ = {isa = PBXBuildFile; fileRef = 843B3F4A266D4DB8009F7C19 /* VideoCell.swift */; };
		843B3F4D266D4DB8009F7C19 /* VideoCell.xib in Resources */ = {isa = PBXBuildFile; fileRef = 843B3F4B266D4DB8009F7C19 /* VideoCell.xib */; };
		843BE21F2660DB1B004099C1 /* FirebaseFirestore in Frameworks */ = {isa = PBXBuildFile; productRef = 843BE21E2660DB1B004099C1 /* FirebaseFirestore */; };
		843BE2212660DB1B004099C1 /* FirebaseInstallations in Frameworks */ = {isa = PBXBuildFile; productRef = 843BE2202660DB1B004099C1 /* FirebaseInstallations */; };
		843BE2232660DB1B004099C1 /* FirebaseDatabase in Frameworks */ = {isa = PBXBuildFile; productRef = 843BE2222660DB1B004099C1 /* FirebaseDatabase */; };
		843BE2252660DB1B004099C1 /* FirebaseFirestoreSwift-Beta in Frameworks */ = {isa = PBXBuildFile; productRef = 843BE2242660DB1B004099C1 /* FirebaseFirestoreSwift-Beta */; };
		843BE2272660DB1B004099C1 /* FirebaseStorageSwift-Beta in Frameworks */ = {isa = PBXBuildFile; productRef = 843BE2262660DB1B004099C1 /* FirebaseStorageSwift-Beta */; };
		843BE2292660DB1B004099C1 /* FirebaseStorage in Frameworks */ = {isa = PBXBuildFile; productRef = 843BE2282660DB1B004099C1 /* FirebaseStorage */; };
		843BE22B2660DB1B004099C1 /* FirebaseFunctions in Frameworks */ = {isa = PBXBuildFile; productRef = 843BE22A2660DB1B004099C1 /* FirebaseFunctions */; };
		843BE22D2660DB1B004099C1 /* FirebaseAuth in Frameworks */ = {isa = PBXBuildFile; productRef = 843BE22C2660DB1B004099C1 /* FirebaseAuth */; };
		844BF7AD26503F2D0099EADF /* LoginPresenter.swift in Sources */ = {isa = PBXBuildFile; fileRef = 844BF7AC26503F2D0099EADF /* LoginPresenter.swift */; };
		844BF7B226503FD20099EADF /* LoginInteractor.swift in Sources */ = {isa = PBXBuildFile; fileRef = 844BF7B126503FD20099EADF /* LoginInteractor.swift */; };
		844BF7B72650400D0099EADF /* LoginRouter.swift in Sources */ = {isa = PBXBuildFile; fileRef = 844BF7B62650400D0099EADF /* LoginRouter.swift */; };
		844BF7BC265041D00099EADF /* NewsPresenter.swift in Sources */ = {isa = PBXBuildFile; fileRef = 844BF7BB265041D00099EADF /* NewsPresenter.swift */; };
		844BF7C12650424C0099EADF /* NewsInteractor.swift in Sources */ = {isa = PBXBuildFile; fileRef = 844BF7C02650424C0099EADF /* NewsInteractor.swift */; };
		8462FFDD2646F3970051280B /* ButtonsDesign.swift in Sources */ = {isa = PBXBuildFile; fileRef = 8462FFDC2646F3970051280B /* ButtonsDesign.swift */; };
		84706273266BE6B5003B40A3 /* IgnManager.swift in Sources */ = {isa = PBXBuildFile; fileRef = 84706272266BE6B5003B40A3 /* IgnManager.swift */; };
		847062B1266C2728003B40A3 /* TabBarController.swift in Sources */ = {isa = PBXBuildFile; fileRef = 847062B0266C2728003B40A3 /* TabBarController.swift */; };
		8475109F2650139C00E0D1B0 /* WelcomeRouter.swift in Sources */ = {isa = PBXBuildFile; fileRef = 8475109E2650139C00E0D1B0 /* WelcomeRouter.swift */; };
		847510A4265018D500E0D1B0 /* SignUpPresenter.swift in Sources */ = {isa = PBXBuildFile; fileRef = 847510A3265018D500E0D1B0 /* SignUpPresenter.swift */; };
		847510A9265018E400E0D1B0 /* SignUpInteractor.swift in Sources */ = {isa = PBXBuildFile; fileRef = 847510A8265018E400E0D1B0 /* SignUpInteractor.swift */; };
		847510AE265018F400E0D1B0 /* SignUpRouter.swift in Sources */ = {isa = PBXBuildFile; fileRef = 847510AD265018F400E0D1B0 /* SignUpRouter.swift */; };
		847DA2BC2663ABE50069FF84 /* NewsRouter.swift in Sources */ = {isa = PBXBuildFile; fileRef = 847DA2BB2663ABE50069FF84 /* NewsRouter.swift */; };
		847DA2C62663AD6E0069FF84 /* NewsWorker.swift in Sources */ = {isa = PBXBuildFile; fileRef = 847DA2C52663AD6E0069FF84 /* NewsWorker.swift */; };
		847DA2CC2663AE560069FF84 /* SwiftSoup in Frameworks */ = {isa = PBXBuildFile; productRef = 847DA2CB2663AE560069FF84 /* SwiftSoup */; };
		847E5808266D297800EA6D87 /* ProfileViewController.swift in Sources */ = {isa = PBXBuildFile; fileRef = 847E5807266D297800EA6D87 /* ProfileViewController.swift */; };
		847E580D266D2A3000EA6D87 /* ProfileInteractor.swift in Sources */ = {isa = PBXBuildFile; fileRef = 847E580C266D2A3000EA6D87 /* ProfileInteractor.swift */; };
		847E5812266D2B2F00EA6D87 /* ProfilePresenter.swift in Sources */ = {isa = PBXBuildFile; fileRef = 847E5811266D2B2F00EA6D87 /* ProfilePresenter.swift */; };
		847E5817266D2B9300EA6D87 /* ProfileViewController.storyboard in Resources */ = {isa = PBXBuildFile; fileRef = 847E5816266D2B9300EA6D87 /* ProfileViewController.storyboard */; };
		847E5822266D2CBC00EA6D87 /* TabBarController.storyboard in Resources */ = {isa = PBXBuildFile; fileRef = 847E5821266D2CBC00EA6D87 /* TabBarController.storyboard */; };
		847E5841266D2F3300EA6D87 /* ConfigureNewsViewController.swift in Sources */ = {isa = PBXBuildFile; fileRef = 847E5840266D2F3300EA6D87 /* ConfigureNewsViewController.swift */; };
		847E5846266D2F4700EA6D87 /* ConfigureNewsInteractor.swift in Sources */ = {isa = PBXBuildFile; fileRef = 847E5845266D2F4700EA6D87 /* ConfigureNewsInteractor.swift */; };
		847E584B266D2F5E00EA6D87 /* ConfigureNewsPresenter.swift in Sources */ = {isa = PBXBuildFile; fileRef = 847E584A266D2F5E00EA6D87 /* ConfigureNewsPresenter.swift */; };
		847E5850266D2FA100EA6D87 /* ConfigureNewsController.storyboard in Resources */ = {isa = PBXBuildFile; fileRef = 847E584F266D2FA100EA6D87 /* ConfigureNewsController.storyboard */; };
		847E586B266D38F400EA6D87 /* ConfigureNewsCell.swift in Sources */ = {isa = PBXBuildFile; fileRef = 847E5869266D38F400EA6D87 /* ConfigureNewsCell.swift */; };
		847E586C266D38F400EA6D87 /* ConfigureNewsCell.xib in Resources */ = {isa = PBXBuildFile; fileRef = 847E586A266D38F400EA6D87 /* ConfigureNewsCell.xib */; };
		84894D8C26473512000AF852 /* GoogleService-Info.plist in Resources */ = {isa = PBXBuildFile; fileRef = 84894D8B26473512000AF852 /* GoogleService-Info.plist */; };
		849AECE9266C3700006A2722 /* SitesCell.swift in Sources */ = {isa = PBXBuildFile; fileRef = 849AECE7266C3700006A2722 /* SitesCell.swift */; };
		849AECEA266C3700006A2722 /* SitesCell.xib in Resources */ = {isa = PBXBuildFile; fileRef = 849AECE8266C3700006A2722 /* SitesCell.xib */; };
		849B5F862646ABB70095C3E9 /* AppDelegate.swift in Sources */ = {isa = PBXBuildFile; fileRef = 849B5F852646ABB70095C3E9 /* AppDelegate.swift */; };
		849B5F882646ABB70095C3E9 /* SceneDelegate.swift in Sources */ = {isa = PBXBuildFile; fileRef = 849B5F872646ABB70095C3E9 /* SceneDelegate.swift */; };
		849B5F8A2646ABB70095C3E9 /* WelcomeViewController.swift in Sources */ = {isa = PBXBuildFile; fileRef = 849B5F892646ABB70095C3E9 /* WelcomeViewController.swift */; };
		849B5F8D2646ABB70095C3E9 /* MainViewController.storyboard in Resources */ = {isa = PBXBuildFile; fileRef = 849B5F8B2646ABB70095C3E9 /* MainViewController.storyboard */; };
		849B5F902646ABB70095C3E9 /* GameNews.xcdatamodeld in Sources */ = {isa = PBXBuildFile; fileRef = 849B5F8E2646ABB70095C3E9 /* GameNews.xcdatamodeld */; };
		849B5F952646ABBB0095C3E9 /* LaunchScreen.storyboard in Resources */ = {isa = PBXBuildFile; fileRef = 849B5F932646ABBB0095C3E9 /* LaunchScreen.storyboard */; };
		849B5FA02646ABBB0095C3E9 /* GameNewsTests.swift in Sources */ = {isa = PBXBuildFile; fileRef = 849B5F9F2646ABBB0095C3E9 /* GameNewsTests.swift */; };
		849B5FAB2646ABBB0095C3E9 /* GameNewsUITests.swift in Sources */ = {isa = PBXBuildFile; fileRef = 849B5FAA2646ABBB0095C3E9 /* GameNewsUITests.swift */; };
		849B5FBC2646B26A0095C3E9 /* SignUpViewController.swift in Sources */ = {isa = PBXBuildFile; fileRef = 849B5FBB2646B26A0095C3E9 /* SignUpViewController.swift */; };
		849B5FC12646B2820095C3E9 /* LoginViewController.swift in Sources */ = {isa = PBXBuildFile; fileRef = 849B5FC02646B2820095C3E9 /* LoginViewController.swift */; };
		849B5FC62646B2900095C3E9 /* NewsViewController.swift in Sources */ = {isa = PBXBuildFile; fileRef = 849B5FC52646B2900095C3E9 /* NewsViewController.swift */; };
		84AB7465266A635A00DE05D0 /* NewsModel.swift in Sources */ = {isa = PBXBuildFile; fileRef = 84AB7464266A635A00DE05D0 /* NewsModel.swift */; };
		84C8986E26641C52006B8C91 /* UITableView+Extension.swift in Sources */ = {isa = PBXBuildFile; fileRef = 84C8986D26641C52006B8C91 /* UITableView+Extension.swift */; };
		84C8987326641C64006B8C91 /* UITableViewCell+Extension.swift in Sources */ = {isa = PBXBuildFile; fileRef = 84C8987226641C64006B8C91 /* UITableViewCell+Extension.swift */; };
		84C8987826641C75006B8C91 /* UICollectionView+Extension.swift in Sources */ = {isa = PBXBuildFile; fileRef = 84C8987726641C75006B8C91 /* UICollectionView+Extension.swift */; };
		84C8987D26641C8A006B8C91 /* UICollectionViewCell+Extension.swift in Sources */ = {isa = PBXBuildFile; fileRef = 84C8987C26641C8A006B8C91 /* UICollectionViewCell+Extension.swift */; };
		84C9A93C2652FBCC00BBC1CD /* LoginModel.swift in Sources */ = {isa = PBXBuildFile; fileRef = 84C9A93B2652FBCC00BBC1CD /* LoginModel.swift */; };
		84C9A9412652FBE200BBC1CD /* LoginWorker.swift in Sources */ = {isa = PBXBuildFile; fileRef = 84C9A9402652FBE200BBC1CD /* LoginWorker.swift */; };
		84E6DCB0264FBD4B0090226B /* SignUpViewController.storyboard in Resources */ = {isa = PBXBuildFile; fileRef = 84E6DCAF264FBD4B0090226B /* SignUpViewController.storyboard */; };
		84E6DCB6264FBD8A0090226B /* LoginViewController.storyboard in Resources */ = {isa = PBXBuildFile; fileRef = 84E6DCB5264FBD8A0090226B /* LoginViewController.storyboard */; };
		84E6DCBC264FBE680090226B /* NewsViewController.storyboard in Resources */ = {isa = PBXBuildFile; fileRef = 84E6DCBB264FBE680090226B /* NewsViewController.storyboard */; };
		84E6DCC2264FBE9F0090226B /* Constants.swift in Sources */ = {isa = PBXBuildFile; fileRef = 84E6DCC1264FBE9F0090226B /* Constants.swift */; };
		84F63E9626516070006ED049 /* SignUpModel.swift in Sources */ = {isa = PBXBuildFile; fileRef = 84F63E9526516070006ED049 /* SignUpModel.swift */; };
		84F63E9B26518D94006ED049 /* SignUpWorker.swift in Sources */ = {isa = PBXBuildFile; fileRef = 84F63E9A26518D94006ED049 /* SignUpWorker.swift */; };
/* End PBXBuildFile section */

/* Begin PBXContainerItemProxy section */
		849B5F9C2646ABBB0095C3E9 /* PBXContainerItemProxy */ = {
			isa = PBXContainerItemProxy;
			containerPortal = 849B5F7A2646ABB70095C3E9 /* Project object */;
			proxyType = 1;
			remoteGlobalIDString = 849B5F812646ABB70095C3E9;
			remoteInfo = GameNews;
		};
		849B5FA72646ABBB0095C3E9 /* PBXContainerItemProxy */ = {
			isa = PBXContainerItemProxy;
			containerPortal = 849B5F7A2646ABB70095C3E9 /* Project object */;
			proxyType = 1;
			remoteGlobalIDString = 849B5F812646ABB70095C3E9;
			remoteInfo = GameNews;
		};
/* End PBXContainerItemProxy section */

/* Begin PBXFileReference section */
		843391F326655057003089C3 /* NewsCell.swift */ = {isa = PBXFileReference; lastKnownFileType = sourcecode.swift; path = NewsCell.swift; sourceTree = "<group>"; };
		843391F426655057003089C3 /* NewsCell.xib */ = {isa = PBXFileReference; lastKnownFileType = file.xib; path = NewsCell.xib; sourceTree = "<group>"; };
		8435B32F2647111E004CA045 /* FieldValidator.swift */ = {isa = PBXFileReference; lastKnownFileType = sourcecode.swift; path = FieldValidator.swift; sourceTree = "<group>"; };
		8436D697266B972B001715B1 /* NewsCellModel.swift */ = {isa = PBXFileReference; lastKnownFileType = sourcecode.swift; path = NewsCellModel.swift; sourceTree = "<group>"; };
		8436D6A5266BAE86001715B1 /* Assets.xcassets */ = {isa = PBXFileReference; lastKnownFileType = folder.assetcatalog; path = Assets.xcassets; sourceTree = "<group>"; };
		843B3F09266D4AB6009F7C19 /* SteamNewsViewController.swift */ = {isa = PBXFileReference; lastKnownFileType = sourcecode.swift; path = SteamNewsViewController.swift; sourceTree = "<group>"; };
		843B3F11266D4ADB009F7C19 /* SteamNewsInteractor.swift */ = {isa = PBXFileReference; lastKnownFileType = sourcecode.swift; path = SteamNewsInteractor.swift; sourceTree = "<group>"; };
		843B3F16266D4AEA009F7C19 /* SteamNewsPresenter.swift */ = {isa = PBXFileReference; lastKnownFileType = sourcecode.swift; path = SteamNewsPresenter.swift; sourceTree = "<group>"; };
		843B3F1B266D4AF9009F7C19 /* SteamNewsRouter.swift */ = {isa = PBXFileReference; lastKnownFileType = sourcecode.swift; path = SteamNewsRouter.swift; sourceTree = "<group>"; };
		843B3F20266D4B06009F7C19 /* SteamNewsWorker.swift */ = {isa = PBXFileReference; lastKnownFileType = sourcecode.swift; path = SteamNewsWorker.swift; sourceTree = "<group>"; };
		843B3F25266D4B17009F7C19 /* SteamNewsViewController.storyboard */ = {isa = PBXFileReference; lastKnownFileType = file.storyboard; path = SteamNewsViewController.storyboard; sourceTree = "<group>"; };
		843B3F2B266D4BA2009F7C19 /* VideosViewController.swift */ = {isa = PBXFileReference; lastKnownFileType = sourcecode.swift; path = VideosViewController.swift; sourceTree = "<group>"; };
		843B3F30266D4BCE009F7C19 /* VideosInteractor.swift */ = {isa = PBXFileReference; lastKnownFileType = sourcecode.swift; path = VideosInteractor.swift; sourceTree = "<group>"; };
		843B3F35266D4BD8009F7C19 /* VideosPresenter.swift */ = {isa = PBXFileReference; lastKnownFileType = sourcecode.swift; path = VideosPresenter.swift; sourceTree = "<group>"; };
		843B3F3A266D4BE4009F7C19 /* VideosWorker.swift */ = {isa = PBXFileReference; lastKnownFileType = sourcecode.swift; path = VideosWorker.swift; sourceTree = "<group>"; };
		843B3F3F266D4BF7009F7C19 /* VideosRouter.swift */ = {isa = PBXFileReference; lastKnownFileType = sourcecode.swift; path = VideosRouter.swift; sourceTree = "<group>"; };
		843B3F44266D4C06009F7C19 /* VideosViewController.storyboard */ = {isa = PBXFileReference; lastKnownFileType = file.storyboard; path = VideosViewController.storyboard; sourceTree = "<group>"; };
		843B3F4A266D4DB8009F7C19 /* VideoCell.swift */ = {isa = PBXFileReference; lastKnownFileType = sourcecode.swift; path = VideoCell.swift; sourceTree = "<group>"; };
		843B3F4B266D4DB8009F7C19 /* VideoCell.xib */ = {isa = PBXFileReference; lastKnownFileType = file.xib; path = VideoCell.xib; sourceTree = "<group>"; };
		843BE21B2660D943004099C1 /* GameNewsTests.xctest */ = {isa = PBXFileReference; explicitFileType = wrapper.cfbundle; includeInIndex = 0; path = GameNewsTests.xctest; sourceTree = BUILT_PRODUCTS_DIR; };
		843BE21C2660D943004099C1 /* GameNewsUITests.xctest */ = {isa = PBXFileReference; explicitFileType = wrapper.cfbundle; includeInIndex = 0; path = GameNewsUITests.xctest; sourceTree = BUILT_PRODUCTS_DIR; };
		844BF7AC26503F2D0099EADF /* LoginPresenter.swift */ = {isa = PBXFileReference; lastKnownFileType = sourcecode.swift; path = LoginPresenter.swift; sourceTree = "<group>"; };
		844BF7B126503FD20099EADF /* LoginInteractor.swift */ = {isa = PBXFileReference; lastKnownFileType = sourcecode.swift; path = LoginInteractor.swift; sourceTree = "<group>"; };
		844BF7B62650400D0099EADF /* LoginRouter.swift */ = {isa = PBXFileReference; lastKnownFileType = sourcecode.swift; path = LoginRouter.swift; sourceTree = "<group>"; };
		844BF7BB265041D00099EADF /* NewsPresenter.swift */ = {isa = PBXFileReference; lastKnownFileType = sourcecode.swift; path = NewsPresenter.swift; sourceTree = "<group>"; };
		844BF7C02650424C0099EADF /* NewsInteractor.swift */ = {isa = PBXFileReference; lastKnownFileType = sourcecode.swift; path = NewsInteractor.swift; sourceTree = "<group>"; };
		8462FFDC2646F3970051280B /* ButtonsDesign.swift */ = {isa = PBXFileReference; lastKnownFileType = sourcecode.swift; path = ButtonsDesign.swift; sourceTree = "<group>"; };
		84706272266BE6B5003B40A3 /* IgnManager.swift */ = {isa = PBXFileReference; lastKnownFileType = sourcecode.swift; path = IgnManager.swift; sourceTree = "<group>"; };
		847062B0266C2728003B40A3 /* TabBarController.swift */ = {isa = PBXFileReference; lastKnownFileType = sourcecode.swift; path = TabBarController.swift; sourceTree = "<group>"; };
		8475109E2650139C00E0D1B0 /* WelcomeRouter.swift */ = {isa = PBXFileReference; lastKnownFileType = sourcecode.swift; path = WelcomeRouter.swift; sourceTree = "<group>"; };
		847510A3265018D500E0D1B0 /* SignUpPresenter.swift */ = {isa = PBXFileReference; lastKnownFileType = sourcecode.swift; path = SignUpPresenter.swift; sourceTree = "<group>"; };
		847510A8265018E400E0D1B0 /* SignUpInteractor.swift */ = {isa = PBXFileReference; lastKnownFileType = sourcecode.swift; path = SignUpInteractor.swift; sourceTree = "<group>"; };
		847510AD265018F400E0D1B0 /* SignUpRouter.swift */ = {isa = PBXFileReference; lastKnownFileType = sourcecode.swift; path = SignUpRouter.swift; sourceTree = "<group>"; };
		847DA2BB2663ABE50069FF84 /* NewsRouter.swift */ = {isa = PBXFileReference; lastKnownFileType = sourcecode.swift; path = NewsRouter.swift; sourceTree = "<group>"; };
		847DA2C52663AD6E0069FF84 /* NewsWorker.swift */ = {isa = PBXFileReference; lastKnownFileType = sourcecode.swift; path = NewsWorker.swift; sourceTree = "<group>"; };
		847E5807266D297800EA6D87 /* ProfileViewController.swift */ = {isa = PBXFileReference; lastKnownFileType = sourcecode.swift; path = ProfileViewController.swift; sourceTree = "<group>"; };
		847E580C266D2A3000EA6D87 /* ProfileInteractor.swift */ = {isa = PBXFileReference; lastKnownFileType = sourcecode.swift; path = ProfileInteractor.swift; sourceTree = "<group>"; };
		847E5811266D2B2F00EA6D87 /* ProfilePresenter.swift */ = {isa = PBXFileReference; lastKnownFileType = sourcecode.swift; path = ProfilePresenter.swift; sourceTree = "<group>"; };
		847E5816266D2B9300EA6D87 /* ProfileViewController.storyboard */ = {isa = PBXFileReference; lastKnownFileType = file.storyboard; path = ProfileViewController.storyboard; sourceTree = "<group>"; };
		847E5821266D2CBC00EA6D87 /* TabBarController.storyboard */ = {isa = PBXFileReference; lastKnownFileType = file.storyboard; path = TabBarController.storyboard; sourceTree = "<group>"; };
		847E5840266D2F3300EA6D87 /* ConfigureNewsViewController.swift */ = {isa = PBXFileReference; lastKnownFileType = sourcecode.swift; path = ConfigureNewsViewController.swift; sourceTree = "<group>"; };
		847E5845266D2F4700EA6D87 /* ConfigureNewsInteractor.swift */ = {isa = PBXFileReference; lastKnownFileType = sourcecode.swift; path = ConfigureNewsInteractor.swift; sourceTree = "<group>"; };
		847E584A266D2F5E00EA6D87 /* ConfigureNewsPresenter.swift */ = {isa = PBXFileReference; lastKnownFileType = sourcecode.swift; path = ConfigureNewsPresenter.swift; sourceTree = "<group>"; };
		847E584F266D2FA100EA6D87 /* ConfigureNewsController.storyboard */ = {isa = PBXFileReference; lastKnownFileType = file.storyboard; path = ConfigureNewsController.storyboard; sourceTree = "<group>"; };
		847E5869266D38F400EA6D87 /* ConfigureNewsCell.swift */ = {isa = PBXFileReference; lastKnownFileType = sourcecode.swift; path = ConfigureNewsCell.swift; sourceTree = "<group>"; };
		847E586A266D38F400EA6D87 /* ConfigureNewsCell.xib */ = {isa = PBXFileReference; lastKnownFileType = file.xib; path = ConfigureNewsCell.xib; sourceTree = "<group>"; };
		84894D852647279F000AF852 /* GameNews.app */ = {isa = PBXFileReference; explicitFileType = wrapper.application; includeInIndex = 0; path = GameNews.app; sourceTree = BUILT_PRODUCTS_DIR; };
		84894D8B26473512000AF852 /* GoogleService-Info.plist */ = {isa = PBXFileReference; fileEncoding = 4; lastKnownFileType = text.plist.xml; path = "GoogleService-Info.plist"; sourceTree = "<group>"; };
		849AECE7266C3700006A2722 /* SitesCell.swift */ = {isa = PBXFileReference; lastKnownFileType = sourcecode.swift; path = SitesCell.swift; sourceTree = "<group>"; };
		849AECE8266C3700006A2722 /* SitesCell.xib */ = {isa = PBXFileReference; lastKnownFileType = file.xib; path = SitesCell.xib; sourceTree = "<group>"; };
		849B5F852646ABB70095C3E9 /* AppDelegate.swift */ = {isa = PBXFileReference; lastKnownFileType = sourcecode.swift; path = AppDelegate.swift; sourceTree = "<group>"; };
		849B5F872646ABB70095C3E9 /* SceneDelegate.swift */ = {isa = PBXFileReference; lastKnownFileType = sourcecode.swift; path = SceneDelegate.swift; sourceTree = "<group>"; };
		849B5F892646ABB70095C3E9 /* WelcomeViewController.swift */ = {isa = PBXFileReference; lastKnownFileType = sourcecode.swift; path = WelcomeViewController.swift; sourceTree = "<group>"; };
		849B5F8C2646ABB70095C3E9 /* Base */ = {isa = PBXFileReference; lastKnownFileType = file.storyboard; name = Base; path = Base.lproj/MainViewController.storyboard; sourceTree = "<group>"; };
		849B5F8F2646ABB70095C3E9 /* GameNews.xcdatamodel */ = {isa = PBXFileReference; lastKnownFileType = wrapper.xcdatamodel; path = GameNews.xcdatamodel; sourceTree = "<group>"; };
		849B5F942646ABBB0095C3E9 /* Base */ = {isa = PBXFileReference; lastKnownFileType = file.storyboard; name = Base; path = Base.lproj/LaunchScreen.storyboard; sourceTree = "<group>"; };
		849B5F962646ABBB0095C3E9 /* Info.plist */ = {isa = PBXFileReference; lastKnownFileType = text.plist.xml; path = Info.plist; sourceTree = "<group>"; };
		849B5F9F2646ABBB0095C3E9 /* GameNewsTests.swift */ = {isa = PBXFileReference; lastKnownFileType = sourcecode.swift; path = GameNewsTests.swift; sourceTree = "<group>"; };
		849B5FA12646ABBB0095C3E9 /* Info.plist */ = {isa = PBXFileReference; lastKnownFileType = text.plist.xml; path = Info.plist; sourceTree = "<group>"; };
		849B5FAA2646ABBB0095C3E9 /* GameNewsUITests.swift */ = {isa = PBXFileReference; lastKnownFileType = sourcecode.swift; path = GameNewsUITests.swift; sourceTree = "<group>"; };
		849B5FAC2646ABBB0095C3E9 /* Info.plist */ = {isa = PBXFileReference; lastKnownFileType = text.plist.xml; path = Info.plist; sourceTree = "<group>"; };
		849B5FBB2646B26A0095C3E9 /* SignUpViewController.swift */ = {isa = PBXFileReference; lastKnownFileType = sourcecode.swift; path = SignUpViewController.swift; sourceTree = "<group>"; };
		849B5FC02646B2820095C3E9 /* LoginViewController.swift */ = {isa = PBXFileReference; lastKnownFileType = sourcecode.swift; path = LoginViewController.swift; sourceTree = "<group>"; };
		849B5FC52646B2900095C3E9 /* NewsViewController.swift */ = {isa = PBXFileReference; lastKnownFileType = sourcecode.swift; path = NewsViewController.swift; sourceTree = "<group>"; };
		84AB7464266A635A00DE05D0 /* NewsModel.swift */ = {isa = PBXFileReference; lastKnownFileType = sourcecode.swift; path = NewsModel.swift; sourceTree = "<group>"; };
		84C8986D26641C52006B8C91 /* UITableView+Extension.swift */ = {isa = PBXFileReference; lastKnownFileType = sourcecode.swift; path = "UITableView+Extension.swift"; sourceTree = "<group>"; };
		84C8987226641C64006B8C91 /* UITableViewCell+Extension.swift */ = {isa = PBXFileReference; lastKnownFileType = sourcecode.swift; path = "UITableViewCell+Extension.swift"; sourceTree = "<group>"; };
		84C8987726641C75006B8C91 /* UICollectionView+Extension.swift */ = {isa = PBXFileReference; lastKnownFileType = sourcecode.swift; path = "UICollectionView+Extension.swift"; sourceTree = "<group>"; };
		84C8987C26641C8A006B8C91 /* UICollectionViewCell+Extension.swift */ = {isa = PBXFileReference; lastKnownFileType = sourcecode.swift; path = "UICollectionViewCell+Extension.swift"; sourceTree = "<group>"; };
		84C9A93B2652FBCC00BBC1CD /* LoginModel.swift */ = {isa = PBXFileReference; lastKnownFileType = sourcecode.swift; path = LoginModel.swift; sourceTree = "<group>"; };
		84C9A9402652FBE200BBC1CD /* LoginWorker.swift */ = {isa = PBXFileReference; lastKnownFileType = sourcecode.swift; path = LoginWorker.swift; sourceTree = "<group>"; };
		84E6DCAF264FBD4B0090226B /* SignUpViewController.storyboard */ = {isa = PBXFileReference; lastKnownFileType = file.storyboard; path = SignUpViewController.storyboard; sourceTree = "<group>"; };
		84E6DCB5264FBD8A0090226B /* LoginViewController.storyboard */ = {isa = PBXFileReference; lastKnownFileType = file.storyboard; path = LoginViewController.storyboard; sourceTree = "<group>"; };
		84E6DCBB264FBE680090226B /* NewsViewController.storyboard */ = {isa = PBXFileReference; lastKnownFileType = file.storyboard; path = NewsViewController.storyboard; sourceTree = "<group>"; };
		84E6DCC1264FBE9F0090226B /* Constants.swift */ = {isa = PBXFileReference; lastKnownFileType = sourcecode.swift; path = Constants.swift; sourceTree = "<group>"; };
		84F63E9526516070006ED049 /* SignUpModel.swift */ = {isa = PBXFileReference; lastKnownFileType = sourcecode.swift; path = SignUpModel.swift; sourceTree = "<group>"; };
		84F63E9A26518D94006ED049 /* SignUpWorker.swift */ = {isa = PBXFileReference; lastKnownFileType = sourcecode.swift; path = SignUpWorker.swift; sourceTree = "<group>"; };
/* End PBXFileReference section */

/* Begin PBXFrameworksBuildPhase section */
		849B5F7F2646ABB70095C3E9 /* Frameworks */ = {
			isa = PBXFrameworksBuildPhase;
			buildActionMask = 2147483647;
			files = (
				843BE2272660DB1B004099C1 /* FirebaseStorageSwift-Beta in Frameworks */,
				843BE22B2660DB1B004099C1 /* FirebaseFunctions in Frameworks */,
				843BE2232660DB1B004099C1 /* FirebaseDatabase in Frameworks */,
				843BE2252660DB1B004099C1 /* FirebaseFirestoreSwift-Beta in Frameworks */,
				8436D69E266BA275001715B1 /* Kingfisher in Frameworks */,
				843BE21F2660DB1B004099C1 /* FirebaseFirestore in Frameworks */,
				843BE2212660DB1B004099C1 /* FirebaseInstallations in Frameworks */,
				843BE2292660DB1B004099C1 /* FirebaseStorage in Frameworks */,
				843BE22D2660DB1B004099C1 /* FirebaseAuth in Frameworks */,
				847DA2CC2663AE560069FF84 /* SwiftSoup in Frameworks */,
			);
			runOnlyForDeploymentPostprocessing = 0;
		};
		849B5F982646ABBB0095C3E9 /* Frameworks */ = {
			isa = PBXFrameworksBuildPhase;
			buildActionMask = 2147483647;
			files = (
			);
			runOnlyForDeploymentPostprocessing = 0;
		};
		849B5FA32646ABBB0095C3E9 /* Frameworks */ = {
			isa = PBXFrameworksBuildPhase;
			buildActionMask = 2147483647;
			files = (
			);
			runOnlyForDeploymentPostprocessing = 0;
		};
/* End PBXFrameworksBuildPhase section */

/* Begin PBXGroup section */
		843391F226654E4A003089C3 /* NewsCell */ = {
			isa = PBXGroup;
			children = (
				843391F326655057003089C3 /* NewsCell.swift */,
				843391F426655057003089C3 /* NewsCell.xib */,
				8436D697266B972B001715B1 /* NewsCellModel.swift */,
			);
			path = NewsCell;
			sourceTree = "<group>";
		};
		843391FA2665505B003089C3 /* SitesCell */ = {
			isa = PBXGroup;
			children = (
				849AECE7266C3700006A2722 /* SitesCell.swift */,
				849AECE8266C3700006A2722 /* SitesCell.xib */,
			);
			path = SitesCell;
			sourceTree = "<group>";
		};
		84339202266550A8003089C3 /* Cells */ = {
			isa = PBXGroup;
			children = (
				843391F226654E4A003089C3 /* NewsCell */,
				843391FA2665505B003089C3 /* SitesCell */,
			);
			path = Cells;
			sourceTree = "<group>";
		};
		843B3F08266D4A88009F7C19 /* SteamNewsScene */ = {
			isa = PBXGroup;
			children = (
				843B3F09266D4AB6009F7C19 /* SteamNewsViewController.swift */,
				843B3F11266D4ADB009F7C19 /* SteamNewsInteractor.swift */,
				843B3F16266D4AEA009F7C19 /* SteamNewsPresenter.swift */,
				843B3F1B266D4AF9009F7C19 /* SteamNewsRouter.swift */,
				843B3F20266D4B06009F7C19 /* SteamNewsWorker.swift */,
				843B3F25266D4B17009F7C19 /* SteamNewsViewController.storyboard */,
			);
			path = SteamNewsScene;
			sourceTree = "<group>";
		};
		843B3F2A266D4B1C009F7C19 /* VideosScene */ = {
			isa = PBXGroup;
			children = (
				843B3F49266D4D95009F7C19 /* VideoCell */,
				843B3F2B266D4BA2009F7C19 /* VideosViewController.swift */,
				843B3F30266D4BCE009F7C19 /* VideosInteractor.swift */,
				843B3F35266D4BD8009F7C19 /* VideosPresenter.swift */,
				843B3F3A266D4BE4009F7C19 /* VideosWorker.swift */,
				843B3F3F266D4BF7009F7C19 /* VideosRouter.swift */,
				843B3F44266D4C06009F7C19 /* VideosViewController.storyboard */,
			);
			path = VideosScene;
			sourceTree = "<group>";
		};
		843B3F49266D4D95009F7C19 /* VideoCell */ = {
			isa = PBXGroup;
			children = (
				843B3F4A266D4DB8009F7C19 /* VideoCell.swift */,
				843B3F4B266D4DB8009F7C19 /* VideoCell.xib */,
			);
			path = VideoCell;
			sourceTree = "<group>";
		};
		8462FFDB2646F35E0051280B /* Helpers */ = {
			isa = PBXGroup;
			children = (
				8462FFDC2646F3970051280B /* ButtonsDesign.swift */,
				8435B32F2647111E004CA045 /* FieldValidator.swift */,
				84E6DCC1264FBE9F0090226B /* Constants.swift */,
			);
			path = Helpers;
			sourceTree = "<group>";
		};
		846C98F4264BD3D300133E0D /* Classes */ = {
			isa = PBXGroup;
			children = (
				846C98F5264BD3DE00133E0D /* App */,
			);
			path = Classes;
			sourceTree = "<group>";
		};
		846C98F5264BD3DE00133E0D /* App */ = {
			isa = PBXGroup;
			children = (
				849B5F852646ABB70095C3E9 /* AppDelegate.swift */,
				849B5F872646ABB70095C3E9 /* SceneDelegate.swift */,
			);
			path = App;
			sourceTree = "<group>";
		};
		84706271266BE697003B40A3 /* WebPageWorkers */ = {
			isa = PBXGroup;
			children = (
				84706272266BE6B5003B40A3 /* IgnManager.swift */,
			);
			path = WebPageWorkers;
			sourceTree = "<group>";
		};
		8470627A266BEA16003B40A3 /* Presentation Layer */ = {
			isa = PBXGroup;
			children = (
				84813123264FB6FC00768A7F /* Scenes */,
			);
			path = "Presentation Layer";
			sourceTree = "<group>";
		};
		847062A4266BF92A003B40A3 /* TabBar */ = {
			isa = PBXGroup;
			children = (
				847062B0266C2728003B40A3 /* TabBarController.swift */,
				847E5821266D2CBC00EA6D87 /* TabBarController.storyboard */,
			);
			path = TabBar;
			sourceTree = "<group>";
		};
		847E57F8266D180D00EA6D87 /* ConfigureNewsScene */ = {
			isa = PBXGroup;
			children = (
				847E5860266D389C00EA6D87 /* ConfigureNewsCell */,
				847E5840266D2F3300EA6D87 /* ConfigureNewsViewController.swift */,
				847E5845266D2F4700EA6D87 /* ConfigureNewsInteractor.swift */,
				847E584A266D2F5E00EA6D87 /* ConfigureNewsPresenter.swift */,
				847E584F266D2FA100EA6D87 /* ConfigureNewsController.storyboard */,
			);
			path = ConfigureNewsScene;
			sourceTree = "<group>";
		};
		847E5806266D295E00EA6D87 /* ProfileScene */ = {
			isa = PBXGroup;
			children = (
				847E5807266D297800EA6D87 /* ProfileViewController.swift */,
				847E580C266D2A3000EA6D87 /* ProfileInteractor.swift */,
				847E5811266D2B2F00EA6D87 /* ProfilePresenter.swift */,
				847E5816266D2B9300EA6D87 /* ProfileViewController.storyboard */,
			);
			path = ProfileScene;
			sourceTree = "<group>";
		};
		847E5860266D389C00EA6D87 /* ConfigureNewsCell */ = {
			isa = PBXGroup;
			children = (
				847E5869266D38F400EA6D87 /* ConfigureNewsCell.swift */,
				847E586A266D38F400EA6D87 /* ConfigureNewsCell.xib */,
			);
			path = ConfigureNewsCell;
			sourceTree = "<group>";
		};
		84813123264FB6FC00768A7F /* Scenes */ = {
			isa = PBXGroup;
			children = (
				843B3F2A266D4B1C009F7C19 /* VideosScene */,
				843B3F08266D4A88009F7C19 /* SteamNewsScene */,
				847E5806266D295E00EA6D87 /* ProfileScene */,
				847E57F8266D180D00EA6D87 /* ConfigureNewsScene */,
				847062A4266BF92A003B40A3 /* TabBar */,
				84E6DCBA264FBE420090226B /* HomeScene */,
				84E6DCB4264FBD6A0090226B /* LoginScene */,
				84E6DCAE264FBD240090226B /* SignUpScene */,
				84813124264FB76100768A7F /* WelcomeScene */,
			);
			path = Scenes;
			sourceTree = "<group>";
		};
		84813124264FB76100768A7F /* WelcomeScene */ = {
			isa = PBXGroup;
			children = (
				849B5F892646ABB70095C3E9 /* WelcomeViewController.swift */,
				849B5F8B2646ABB70095C3E9 /* MainViewController.storyboard */,
				8475109E2650139C00E0D1B0 /* WelcomeRouter.swift */,
			);
			path = WelcomeScene;
			sourceTree = "<group>";
		};
		849B5F792646ABB70095C3E9 = {
			isa = PBXGroup;
			children = (
				849B5F842646ABB70095C3E9 /* GameNews */,
				849B5F9E2646ABBB0095C3E9 /* GameNewsTests */,
				849B5FA92646ABBB0095C3E9 /* GameNewsUITests */,
				84894D852647279F000AF852 /* GameNews.app */,
				843BE21B2660D943004099C1 /* GameNewsTests.xctest */,
				843BE21C2660D943004099C1 /* GameNewsUITests.xctest */,
			);
			sourceTree = "<group>";
		};
		849B5F842646ABB70095C3E9 /* GameNews */ = {
			isa = PBXGroup;
			children = (
				8470627A266BEA16003B40A3 /* Presentation Layer */,
				84C8986C26641A34006B8C91 /* Extensions */,
				846C98F4264BD3D300133E0D /* Classes */,
				8462FFDB2646F35E0051280B /* Helpers */,
				849B5F932646ABBB0095C3E9 /* LaunchScreen.storyboard */,
				8436D6A5266BAE86001715B1 /* Assets.xcassets */,
				849B5F962646ABBB0095C3E9 /* Info.plist */,
				84894D8B26473512000AF852 /* GoogleService-Info.plist */,
				849B5F8E2646ABB70095C3E9 /* GameNews.xcdatamodeld */,
			);
			path = GameNews;
			sourceTree = "<group>";
		};
		849B5F9E2646ABBB0095C3E9 /* GameNewsTests */ = {
			isa = PBXGroup;
			children = (
				849B5F9F2646ABBB0095C3E9 /* GameNewsTests.swift */,
				849B5FA12646ABBB0095C3E9 /* Info.plist */,
			);
			path = GameNewsTests;
			sourceTree = "<group>";
		};
		849B5FA92646ABBB0095C3E9 /* GameNewsUITests */ = {
			isa = PBXGroup;
			children = (
				849B5FAA2646ABBB0095C3E9 /* GameNewsUITests.swift */,
				849B5FAC2646ABBB0095C3E9 /* Info.plist */,
			);
			path = GameNewsUITests;
			sourceTree = "<group>";
		};
		84AB7463266A634700DE05D0 /* Models */ = {
			isa = PBXGroup;
			children = (
				84AB7464266A635A00DE05D0 /* NewsModel.swift */,
			);
			path = Models;
			sourceTree = "<group>";
		};
		84C8986C26641A34006B8C91 /* Extensions */ = {
			isa = PBXGroup;
			children = (
				84C8986D26641C52006B8C91 /* UITableView+Extension.swift */,
				84C8987226641C64006B8C91 /* UITableViewCell+Extension.swift */,
				84C8987726641C75006B8C91 /* UICollectionView+Extension.swift */,
				84C8987C26641C8A006B8C91 /* UICollectionViewCell+Extension.swift */,
			);
			path = Extensions;
			sourceTree = "<group>";
		};
		84E6DCAE264FBD240090226B /* SignUpScene */ = {
			isa = PBXGroup;
			children = (
				849B5FBB2646B26A0095C3E9 /* SignUpViewController.swift */,
				84E6DCAF264FBD4B0090226B /* SignUpViewController.storyboard */,
				847510A3265018D500E0D1B0 /* SignUpPresenter.swift */,
				847510A8265018E400E0D1B0 /* SignUpInteractor.swift */,
				847510AD265018F400E0D1B0 /* SignUpRouter.swift */,
				84F63E9526516070006ED049 /* SignUpModel.swift */,
				84F63E9A26518D94006ED049 /* SignUpWorker.swift */,
			);
			path = SignUpScene;
			sourceTree = "<group>";
		};
		84E6DCB4264FBD6A0090226B /* LoginScene */ = {
			isa = PBXGroup;
			children = (
				849B5FC02646B2820095C3E9 /* LoginViewController.swift */,
				84E6DCB5264FBD8A0090226B /* LoginViewController.storyboard */,
				844BF7AC26503F2D0099EADF /* LoginPresenter.swift */,
				844BF7B126503FD20099EADF /* LoginInteractor.swift */,
				844BF7B62650400D0099EADF /* LoginRouter.swift */,
				84C9A93B2652FBCC00BBC1CD /* LoginModel.swift */,
				84C9A9402652FBE200BBC1CD /* LoginWorker.swift */,
			);
			path = LoginScene;
			sourceTree = "<group>";
		};
		84E6DCBA264FBE420090226B /* HomeScene */ = {
			isa = PBXGroup;
			children = (
				84706271266BE697003B40A3 /* WebPageWorkers */,
				84AB7463266A634700DE05D0 /* Models */,
				84339202266550A8003089C3 /* Cells */,
				849B5FC52646B2900095C3E9 /* NewsViewController.swift */,
				84E6DCBB264FBE680090226B /* NewsViewController.storyboard */,
				844BF7BB265041D00099EADF /* NewsPresenter.swift */,
				844BF7C02650424C0099EADF /* NewsInteractor.swift */,
				847DA2BB2663ABE50069FF84 /* NewsRouter.swift */,
				847DA2C52663AD6E0069FF84 /* NewsWorker.swift */,
			);
			path = HomeScene;
			sourceTree = "<group>";
		};
/* End PBXGroup section */

/* Begin PBXNativeTarget section */
		849B5F812646ABB70095C3E9 /* GameNews */ = {
			isa = PBXNativeTarget;
			buildConfigurationList = 849B5FAF2646ABBB0095C3E9 /* Build configuration list for PBXNativeTarget "GameNews" */;
			buildPhases = (
				846C98EA264BC29C00133E0D /* ShellScript */,
				849B5F7E2646ABB70095C3E9 /* Sources */,
				849B5F7F2646ABB70095C3E9 /* Frameworks */,
				849B5F802646ABB70095C3E9 /* Resources */,
			);
			buildRules = (
			);
			dependencies = (
			);
			name = GameNews;
			packageProductDependencies = (
				843BE21E2660DB1B004099C1 /* FirebaseFirestore */,
				843BE2202660DB1B004099C1 /* FirebaseInstallations */,
				843BE2222660DB1B004099C1 /* FirebaseDatabase */,
				843BE2242660DB1B004099C1 /* FirebaseFirestoreSwift-Beta */,
				843BE2262660DB1B004099C1 /* FirebaseStorageSwift-Beta */,
				843BE2282660DB1B004099C1 /* FirebaseStorage */,
				843BE22A2660DB1B004099C1 /* FirebaseFunctions */,
				843BE22C2660DB1B004099C1 /* FirebaseAuth */,
				847DA2CB2663AE560069FF84 /* SwiftSoup */,
				8436D69D266BA275001715B1 /* Kingfisher */,
			);
			productName = GameNews;
			productReference = 84894D852647279F000AF852 /* GameNews.app */;
			productType = "com.apple.product-type.application";
		};
		849B5F9A2646ABBB0095C3E9 /* GameNewsTests */ = {
			isa = PBXNativeTarget;
			buildConfigurationList = 849B5FB22646ABBB0095C3E9 /* Build configuration list for PBXNativeTarget "GameNewsTests" */;
			buildPhases = (
				849B5F972646ABBB0095C3E9 /* Sources */,
				849B5F982646ABBB0095C3E9 /* Frameworks */,
				849B5F992646ABBB0095C3E9 /* Resources */,
			);
			buildRules = (
			);
			dependencies = (
				849B5F9D2646ABBB0095C3E9 /* PBXTargetDependency */,
			);
			name = GameNewsTests;
			productName = GameNewsTests;
			productReference = 843BE21B2660D943004099C1 /* GameNewsTests.xctest */;
			productType = "com.apple.product-type.bundle.unit-test";
		};
		849B5FA52646ABBB0095C3E9 /* GameNewsUITests */ = {
			isa = PBXNativeTarget;
			buildConfigurationList = 849B5FB52646ABBB0095C3E9 /* Build configuration list for PBXNativeTarget "GameNewsUITests" */;
			buildPhases = (
				849B5FA22646ABBB0095C3E9 /* Sources */,
				849B5FA32646ABBB0095C3E9 /* Frameworks */,
				849B5FA42646ABBB0095C3E9 /* Resources */,
			);
			buildRules = (
			);
			dependencies = (
				849B5FA82646ABBB0095C3E9 /* PBXTargetDependency */,
			);
			name = GameNewsUITests;
			productName = GameNewsUITests;
			productReference = 843BE21C2660D943004099C1 /* GameNewsUITests.xctest */;
			productType = "com.apple.product-type.bundle.ui-testing";
		};
/* End PBXNativeTarget section */

/* Begin PBXProject section */
		849B5F7A2646ABB70095C3E9 /* Project object */ = {
			isa = PBXProject;
			attributes = {
				LastSwiftUpdateCheck = 1240;
				LastUpgradeCheck = 1240;
				TargetAttributes = {
					849B5F812646ABB70095C3E9 = {
						CreatedOnToolsVersion = 12.4;
					};
					849B5F9A2646ABBB0095C3E9 = {
						CreatedOnToolsVersion = 12.4;
						TestTargetID = 849B5F812646ABB70095C3E9;
					};
					849B5FA52646ABBB0095C3E9 = {
						CreatedOnToolsVersion = 12.4;
						TestTargetID = 849B5F812646ABB70095C3E9;
					};
				};
			};
			buildConfigurationList = 849B5F7D2646ABB70095C3E9 /* Build configuration list for PBXProject "GameNews" */;
			compatibilityVersion = "Xcode 9.3";
			developmentRegion = en;
			hasScannedForEncodings = 0;
			knownRegions = (
				en,
				Base,
			);
			mainGroup = 849B5F792646ABB70095C3E9;
			packageReferences = (
				843BE21D2660DB1B004099C1 /* XCRemoteSwiftPackageReference "firebase-ios-sdk" */,
				847DA2CA2663AE560069FF84 /* XCRemoteSwiftPackageReference "SwiftSoup" */,
				8436D69C266BA275001715B1 /* XCRemoteSwiftPackageReference "Kingfisher" */,
			);
			productRefGroup = 849B5F792646ABB70095C3E9;
			projectDirPath = "";
			projectRoot = "";
			targets = (
				849B5F812646ABB70095C3E9 /* GameNews */,
				849B5F9A2646ABBB0095C3E9 /* GameNewsTests */,
				849B5FA52646ABBB0095C3E9 /* GameNewsUITests */,
			);
		};
/* End PBXProject section */

/* Begin PBXResourcesBuildPhase section */
		849B5F802646ABB70095C3E9 /* Resources */ = {
			isa = PBXResourcesBuildPhase;
			buildActionMask = 2147483647;
			files = (
				849B5F952646ABBB0095C3E9 /* LaunchScreen.storyboard in Resources */,
				843B3F45266D4C06009F7C19 /* VideosViewController.storyboard in Resources */,
				84E6DCB0264FBD4B0090226B /* SignUpViewController.storyboard in Resources */,
				843391F626655057003089C3 /* NewsCell.xib in Resources */,
				843B3F26266D4B17009F7C19 /* SteamNewsViewController.storyboard in Resources */,
				843B3F4D266D4DB8009F7C19 /* VideoCell.xib in Resources */,
				84E6DCBC264FBE680090226B /* NewsViewController.storyboard in Resources */,
				8436D6A6266BAE86001715B1 /* Assets.xcassets in Resources */,
				84894D8C26473512000AF852 /* GoogleService-Info.plist in Resources */,
				847E586C266D38F400EA6D87 /* ConfigureNewsCell.xib in Resources */,
				84E6DCB6264FBD8A0090226B /* LoginViewController.storyboard in Resources */,
				847E5822266D2CBC00EA6D87 /* TabBarController.storyboard in Resources */,
				847E5850266D2FA100EA6D87 /* ConfigureNewsController.storyboard in Resources */,
				849B5F8D2646ABB70095C3E9 /* MainViewController.storyboard in Resources */,
				847E5817266D2B9300EA6D87 /* ProfileViewController.storyboard in Resources */,
				849AECEA266C3700006A2722 /* SitesCell.xib in Resources */,
			);
			runOnlyForDeploymentPostprocessing = 0;
		};
		849B5F992646ABBB0095C3E9 /* Resources */ = {
			isa = PBXResourcesBuildPhase;
			buildActionMask = 2147483647;
			files = (
			);
			runOnlyForDeploymentPostprocessing = 0;
		};
		849B5FA42646ABBB0095C3E9 /* Resources */ = {
			isa = PBXResourcesBuildPhase;
			buildActionMask = 2147483647;
			files = (
			);
			runOnlyForDeploymentPostprocessing = 0;
		};
/* End PBXResourcesBuildPhase section */

/* Begin PBXShellScriptBuildPhase section */
		846C98EA264BC29C00133E0D /* ShellScript */ = {
			isa = PBXShellScriptBuildPhase;
			alwaysOutOfDate = 1;
			buildActionMask = 2147483647;
			files = (
			);
			inputFileListPaths = (
			);
			inputPaths = (
			);
			outputFileListPaths = (
			);
			outputPaths = (
			);
			runOnlyForDeploymentPostprocessing = 0;
			shellPath = /bin/sh;
			shellScript = "# Type a script or drag a script file from your workspace to insert its path.\nif which swiftlint >/dev/null; then\n  swiftlint\nelse\n  echo \"warning: SwiftLint not installed, download from https://github.com/realm/SwiftLint\"\nfi\n";
		};
/* End PBXShellScriptBuildPhase section */

/* Begin PBXSourcesBuildPhase section */
		849B5F7E2646ABB70095C3E9 /* Sources */ = {
			isa = PBXSourcesBuildPhase;
			buildActionMask = 2147483647;
			files = (
				843B3F17266D4AEA009F7C19 /* SteamNewsPresenter.swift in Sources */,
				847E584B266D2F5E00EA6D87 /* ConfigureNewsPresenter.swift in Sources */,
				847E586B266D38F400EA6D87 /* ConfigureNewsCell.swift in Sources */,
				849B5FC12646B2820095C3E9 /* LoginViewController.swift in Sources */,
				843B3F4C266D4DB8009F7C19 /* VideoCell.swift in Sources */,
				843B3F40266D4BF7009F7C19 /* VideosRouter.swift in Sources */,
				84C8987326641C64006B8C91 /* UITableViewCell+Extension.swift in Sources */,
				849B5F902646ABB70095C3E9 /* GameNews.xcdatamodeld in Sources */,
				843B3F1C266D4AF9009F7C19 /* SteamNewsRouter.swift in Sources */,
				84F63E9B26518D94006ED049 /* SignUpWorker.swift in Sources */,
				84C8987826641C75006B8C91 /* UICollectionView+Extension.swift in Sources */,
				844BF7C12650424C0099EADF /* NewsInteractor.swift in Sources */,
				849B5F8A2646ABB70095C3E9 /* WelcomeViewController.swift in Sources */,
				847DA2C62663AD6E0069FF84 /* NewsWorker.swift in Sources */,
				849B5F862646ABB70095C3E9 /* AppDelegate.swift in Sources */,
				847E580D266D2A3000EA6D87 /* ProfileInteractor.swift in Sources */,
				843391F526655057003089C3 /* NewsCell.swift in Sources */,
				849AECE9266C3700006A2722 /* SitesCell.swift in Sources */,
				847510AE265018F400E0D1B0 /* SignUpRouter.swift in Sources */,
				847510A4265018D500E0D1B0 /* SignUpPresenter.swift in Sources */,
				84C8987D26641C8A006B8C91 /* UICollectionViewCell+Extension.swift in Sources */,
				849B5F882646ABB70095C3E9 /* SceneDelegate.swift in Sources */,
				847E5812266D2B2F00EA6D87 /* ProfilePresenter.swift in Sources */,
				844BF7BC265041D00099EADF /* NewsPresenter.swift in Sources */,
				84AB7465266A635A00DE05D0 /* NewsModel.swift in Sources */,
				843B3F31266D4BCE009F7C19 /* VideosInteractor.swift in Sources */,
				8475109F2650139C00E0D1B0 /* WelcomeRouter.swift in Sources */,
				843B3F12266D4ADB009F7C19 /* SteamNewsInteractor.swift in Sources */,
				844BF7B226503FD20099EADF /* LoginInteractor.swift in Sources */,
				847062B1266C2728003B40A3 /* TabBarController.swift in Sources */,
				847E5841266D2F3300EA6D87 /* ConfigureNewsViewController.swift in Sources */,
				84E6DCC2264FBE9F0090226B /* Constants.swift in Sources */,
				84C9A93C2652FBCC00BBC1CD /* LoginModel.swift in Sources */,
				843B3F2C266D4BA2009F7C19 /* VideosViewController.swift in Sources */,
				844BF7AD26503F2D0099EADF /* LoginPresenter.swift in Sources */,
				847E5846266D2F4700EA6D87 /* ConfigureNewsInteractor.swift in Sources */,
				84C9A9412652FBE200BBC1CD /* LoginWorker.swift in Sources */,
				849B5FC62646B2900095C3E9 /* NewsViewController.swift in Sources */,
				843B3F0A266D4AB6009F7C19 /* SteamNewsViewController.swift in Sources */,
				84706273266BE6B5003B40A3 /* IgnManager.swift in Sources */,
				843B3F21266D4B06009F7C19 /* SteamNewsWorker.swift in Sources */,
				847E5808266D297800EA6D87 /* ProfileViewController.swift in Sources */,
				84C8986E26641C52006B8C91 /* UITableView+Extension.swift in Sources */,
				8435B3302647111E004CA045 /* FieldValidator.swift in Sources */,
				8436D698266B972B001715B1 /* NewsCellModel.swift in Sources */,
				844BF7B72650400D0099EADF /* LoginRouter.swift in Sources */,
				843B3F36266D4BD8009F7C19 /* VideosPresenter.swift in Sources */,
				843B3F3B266D4BE4009F7C19 /* VideosWorker.swift in Sources */,
				849B5FBC2646B26A0095C3E9 /* SignUpViewController.swift in Sources */,
				8462FFDD2646F3970051280B /* ButtonsDesign.swift in Sources */,
				84F63E9626516070006ED049 /* SignUpModel.swift in Sources */,
				847DA2BC2663ABE50069FF84 /* NewsRouter.swift in Sources */,
				847510A9265018E400E0D1B0 /* SignUpInteractor.swift in Sources */,
			);
			runOnlyForDeploymentPostprocessing = 0;
		};
		849B5F972646ABBB0095C3E9 /* Sources */ = {
			isa = PBXSourcesBuildPhase;
			buildActionMask = 2147483647;
			files = (
				849B5FA02646ABBB0095C3E9 /* GameNewsTests.swift in Sources */,
			);
			runOnlyForDeploymentPostprocessing = 0;
		};
		849B5FA22646ABBB0095C3E9 /* Sources */ = {
			isa = PBXSourcesBuildPhase;
			buildActionMask = 2147483647;
			files = (
				849B5FAB2646ABBB0095C3E9 /* GameNewsUITests.swift in Sources */,
			);
			runOnlyForDeploymentPostprocessing = 0;
		};
/* End PBXSourcesBuildPhase section */

/* Begin PBXTargetDependency section */
		849B5F9D2646ABBB0095C3E9 /* PBXTargetDependency */ = {
			isa = PBXTargetDependency;
			target = 849B5F812646ABB70095C3E9 /* GameNews */;
			targetProxy = 849B5F9C2646ABBB0095C3E9 /* PBXContainerItemProxy */;
		};
		849B5FA82646ABBB0095C3E9 /* PBXTargetDependency */ = {
			isa = PBXTargetDependency;
			target = 849B5F812646ABB70095C3E9 /* GameNews */;
			targetProxy = 849B5FA72646ABBB0095C3E9 /* PBXContainerItemProxy */;
		};
/* End PBXTargetDependency section */

/* Begin PBXVariantGroup section */
		849B5F8B2646ABB70095C3E9 /* MainViewController.storyboard */ = {
			isa = PBXVariantGroup;
			children = (
				849B5F8C2646ABB70095C3E9 /* Base */,
			);
			name = MainViewController.storyboard;
			sourceTree = "<group>";
		};
		849B5F932646ABBB0095C3E9 /* LaunchScreen.storyboard */ = {
			isa = PBXVariantGroup;
			children = (
				849B5F942646ABBB0095C3E9 /* Base */,
			);
			name = LaunchScreen.storyboard;
			sourceTree = "<group>";
		};
/* End PBXVariantGroup section */

/* Begin XCBuildConfiguration section */
		849B5FAD2646ABBB0095C3E9 /* Debug */ = {
			isa = XCBuildConfiguration;
			buildSettings = {
				ALWAYS_SEARCH_USER_PATHS = NO;
				CLANG_ANALYZER_NONNULL = YES;
				CLANG_ANALYZER_NUMBER_OBJECT_CONVERSION = YES_AGGRESSIVE;
				CLANG_CXX_LANGUAGE_STANDARD = "gnu++14";
				CLANG_CXX_LIBRARY = "libc++";
				CLANG_ENABLE_MODULES = YES;
				CLANG_ENABLE_OBJC_ARC = YES;
				CLANG_ENABLE_OBJC_WEAK = YES;
				CLANG_WARN_BLOCK_CAPTURE_AUTORELEASING = YES;
				CLANG_WARN_BOOL_CONVERSION = YES;
				CLANG_WARN_COMMA = YES;
				CLANG_WARN_CONSTANT_CONVERSION = YES;
				CLANG_WARN_DEPRECATED_OBJC_IMPLEMENTATIONS = YES;
				CLANG_WARN_DIRECT_OBJC_ISA_USAGE = YES_ERROR;
				CLANG_WARN_DOCUMENTATION_COMMENTS = YES;
				CLANG_WARN_EMPTY_BODY = YES;
				CLANG_WARN_ENUM_CONVERSION = YES;
				CLANG_WARN_INFINITE_RECURSION = YES;
				CLANG_WARN_INT_CONVERSION = YES;
				CLANG_WARN_NON_LITERAL_NULL_CONVERSION = YES;
				CLANG_WARN_OBJC_IMPLICIT_RETAIN_SELF = YES;
				CLANG_WARN_OBJC_LITERAL_CONVERSION = YES;
				CLANG_WARN_OBJC_ROOT_CLASS = YES_ERROR;
				CLANG_WARN_QUOTED_INCLUDE_IN_FRAMEWORK_HEADER = YES;
				CLANG_WARN_RANGE_LOOP_ANALYSIS = YES;
				CLANG_WARN_STRICT_PROTOTYPES = YES;
				CLANG_WARN_SUSPICIOUS_MOVE = YES;
				CLANG_WARN_UNGUARDED_AVAILABILITY = YES_AGGRESSIVE;
				CLANG_WARN_UNREACHABLE_CODE = YES;
				CLANG_WARN__DUPLICATE_METHOD_MATCH = YES;
				COPY_PHASE_STRIP = NO;
				DEBUG_INFORMATION_FORMAT = dwarf;
				ENABLE_STRICT_OBJC_MSGSEND = YES;
				ENABLE_TESTABILITY = YES;
				GCC_C_LANGUAGE_STANDARD = gnu11;
				GCC_DYNAMIC_NO_PIC = NO;
				GCC_NO_COMMON_BLOCKS = YES;
				GCC_OPTIMIZATION_LEVEL = 0;
				GCC_PREPROCESSOR_DEFINITIONS = (
					"DEBUG=1",
					"$(inherited)",
				);
				GCC_WARN_64_TO_32_BIT_CONVERSION = YES;
				GCC_WARN_ABOUT_RETURN_TYPE = YES_ERROR;
				GCC_WARN_UNDECLARED_SELECTOR = YES;
				GCC_WARN_UNINITIALIZED_AUTOS = YES_AGGRESSIVE;
				GCC_WARN_UNUSED_FUNCTION = YES;
				GCC_WARN_UNUSED_VARIABLE = YES;
				IPHONEOS_DEPLOYMENT_TARGET = 13.0;
				MTL_ENABLE_DEBUG_INFO = INCLUDE_SOURCE;
				MTL_FAST_MATH = YES;
				ONLY_ACTIVE_ARCH = YES;
				SDKROOT = iphoneos;
				SWIFT_ACTIVE_COMPILATION_CONDITIONS = DEBUG;
				SWIFT_OPTIMIZATION_LEVEL = "-Onone";
			};
			name = Debug;
		};
		849B5FAE2646ABBB0095C3E9 /* Release */ = {
			isa = XCBuildConfiguration;
			buildSettings = {
				ALWAYS_SEARCH_USER_PATHS = NO;
				CLANG_ANALYZER_NONNULL = YES;
				CLANG_ANALYZER_NUMBER_OBJECT_CONVERSION = YES_AGGRESSIVE;
				CLANG_CXX_LANGUAGE_STANDARD = "gnu++14";
				CLANG_CXX_LIBRARY = "libc++";
				CLANG_ENABLE_MODULES = YES;
				CLANG_ENABLE_OBJC_ARC = YES;
				CLANG_ENABLE_OBJC_WEAK = YES;
				CLANG_WARN_BLOCK_CAPTURE_AUTORELEASING = YES;
				CLANG_WARN_BOOL_CONVERSION = YES;
				CLANG_WARN_COMMA = YES;
				CLANG_WARN_CONSTANT_CONVERSION = YES;
				CLANG_WARN_DEPRECATED_OBJC_IMPLEMENTATIONS = YES;
				CLANG_WARN_DIRECT_OBJC_ISA_USAGE = YES_ERROR;
				CLANG_WARN_DOCUMENTATION_COMMENTS = YES;
				CLANG_WARN_EMPTY_BODY = YES;
				CLANG_WARN_ENUM_CONVERSION = YES;
				CLANG_WARN_INFINITE_RECURSION = YES;
				CLANG_WARN_INT_CONVERSION = YES;
				CLANG_WARN_NON_LITERAL_NULL_CONVERSION = YES;
				CLANG_WARN_OBJC_IMPLICIT_RETAIN_SELF = YES;
				CLANG_WARN_OBJC_LITERAL_CONVERSION = YES;
				CLANG_WARN_OBJC_ROOT_CLASS = YES_ERROR;
				CLANG_WARN_QUOTED_INCLUDE_IN_FRAMEWORK_HEADER = YES;
				CLANG_WARN_RANGE_LOOP_ANALYSIS = YES;
				CLANG_WARN_STRICT_PROTOTYPES = YES;
				CLANG_WARN_SUSPICIOUS_MOVE = YES;
				CLANG_WARN_UNGUARDED_AVAILABILITY = YES_AGGRESSIVE;
				CLANG_WARN_UNREACHABLE_CODE = YES;
				CLANG_WARN__DUPLICATE_METHOD_MATCH = YES;
				COPY_PHASE_STRIP = NO;
				DEBUG_INFORMATION_FORMAT = "dwarf-with-dsym";
				ENABLE_NS_ASSERTIONS = NO;
				ENABLE_STRICT_OBJC_MSGSEND = YES;
				GCC_C_LANGUAGE_STANDARD = gnu11;
				GCC_NO_COMMON_BLOCKS = YES;
				GCC_WARN_64_TO_32_BIT_CONVERSION = YES;
				GCC_WARN_ABOUT_RETURN_TYPE = YES_ERROR;
				GCC_WARN_UNDECLARED_SELECTOR = YES;
				GCC_WARN_UNINITIALIZED_AUTOS = YES_AGGRESSIVE;
				GCC_WARN_UNUSED_FUNCTION = YES;
				GCC_WARN_UNUSED_VARIABLE = YES;
				IPHONEOS_DEPLOYMENT_TARGET = 13.0;
				MTL_ENABLE_DEBUG_INFO = NO;
				MTL_FAST_MATH = YES;
				SDKROOT = iphoneos;
				SWIFT_COMPILATION_MODE = wholemodule;
				SWIFT_OPTIMIZATION_LEVEL = "-O";
				VALIDATE_PRODUCT = YES;
			};
			name = Release;
		};
		849B5FB02646ABBB0095C3E9 /* Debug */ = {
			isa = XCBuildConfiguration;
			buildSettings = {
				ASSETCATALOG_COMPILER_APPICON_NAME = AppIcon;
				ASSETCATALOG_COMPILER_GLOBAL_ACCENT_COLOR_NAME = AccentColor;
				CODE_SIGN_STYLE = Automatic;
				INFOPLIST_FILE = GameNews/Info.plist;
				LD_RUNPATH_SEARCH_PATHS = (
					"$(inherited)",
					"@executable_path/Frameworks",
				);
				PRODUCT_BUNDLE_IDENTIFIER = GirogiMeskhi.GameNews;
				PRODUCT_NAME = "$(TARGET_NAME)";
				SWIFT_VERSION = 5.0;
				TARGETED_DEVICE_FAMILY = "1,2";
			};
			name = Debug;
		};
		849B5FB12646ABBB0095C3E9 /* Release */ = {
			isa = XCBuildConfiguration;
			buildSettings = {
				ASSETCATALOG_COMPILER_APPICON_NAME = AppIcon;
				ASSETCATALOG_COMPILER_GLOBAL_ACCENT_COLOR_NAME = AccentColor;
				CODE_SIGN_STYLE = Automatic;
				INFOPLIST_FILE = GameNews/Info.plist;
				LD_RUNPATH_SEARCH_PATHS = (
					"$(inherited)",
					"@executable_path/Frameworks",
				);
				PRODUCT_BUNDLE_IDENTIFIER = GirogiMeskhi.GameNews;
				PRODUCT_NAME = "$(TARGET_NAME)";
				SWIFT_VERSION = 5.0;
				TARGETED_DEVICE_FAMILY = "1,2";
			};
			name = Release;
		};
		849B5FB32646ABBB0095C3E9 /* Debug */ = {
			isa = XCBuildConfiguration;
			buildSettings = {
				ALWAYS_EMBED_SWIFT_STANDARD_LIBRARIES = YES;
				BUNDLE_LOADER = "$(TEST_HOST)";
				CODE_SIGN_STYLE = Automatic;
				INFOPLIST_FILE = GameNewsTests/Info.plist;
				IPHONEOS_DEPLOYMENT_TARGET = 14.4;
				LD_RUNPATH_SEARCH_PATHS = (
					"$(inherited)",
					"@executable_path/Frameworks",
					"@loader_path/Frameworks",
				);
				PRODUCT_BUNDLE_IDENTIFIER = GirogiMeskhi.GameNewsTests;
				PRODUCT_NAME = "$(TARGET_NAME)";
				SWIFT_VERSION = 5.0;
				TARGETED_DEVICE_FAMILY = "1,2";
				TEST_HOST = "$(BUILT_PRODUCTS_DIR)/GameNews.app/GameNews";
			};
			name = Debug;
		};
		849B5FB42646ABBB0095C3E9 /* Release */ = {
			isa = XCBuildConfiguration;
			buildSettings = {
				ALWAYS_EMBED_SWIFT_STANDARD_LIBRARIES = YES;
				BUNDLE_LOADER = "$(TEST_HOST)";
				CODE_SIGN_STYLE = Automatic;
				INFOPLIST_FILE = GameNewsTests/Info.plist;
				IPHONEOS_DEPLOYMENT_TARGET = 14.4;
				LD_RUNPATH_SEARCH_PATHS = (
					"$(inherited)",
					"@executable_path/Frameworks",
					"@loader_path/Frameworks",
				);
				PRODUCT_BUNDLE_IDENTIFIER = GirogiMeskhi.GameNewsTests;
				PRODUCT_NAME = "$(TARGET_NAME)";
				SWIFT_VERSION = 5.0;
				TARGETED_DEVICE_FAMILY = "1,2";
				TEST_HOST = "$(BUILT_PRODUCTS_DIR)/GameNews.app/GameNews";
			};
			name = Release;
		};
		849B5FB62646ABBB0095C3E9 /* Debug */ = {
			isa = XCBuildConfiguration;
			buildSettings = {
				ALWAYS_EMBED_SWIFT_STANDARD_LIBRARIES = YES;
				CODE_SIGN_STYLE = Automatic;
				INFOPLIST_FILE = GameNewsUITests/Info.plist;
				LD_RUNPATH_SEARCH_PATHS = (
					"$(inherited)",
					"@executable_path/Frameworks",
					"@loader_path/Frameworks",
				);
				PRODUCT_BUNDLE_IDENTIFIER = GirogiMeskhi.GameNewsUITests;
				PRODUCT_NAME = "$(TARGET_NAME)";
				SWIFT_VERSION = 5.0;
				TARGETED_DEVICE_FAMILY = "1,2";
				TEST_TARGET_NAME = GameNews;
			};
			name = Debug;
		};
		849B5FB72646ABBB0095C3E9 /* Release */ = {
			isa = XCBuildConfiguration;
			buildSettings = {
				ALWAYS_EMBED_SWIFT_STANDARD_LIBRARIES = YES;
				CODE_SIGN_STYLE = Automatic;
				INFOPLIST_FILE = GameNewsUITests/Info.plist;
				LD_RUNPATH_SEARCH_PATHS = (
					"$(inherited)",
					"@executable_path/Frameworks",
					"@loader_path/Frameworks",
				);
				PRODUCT_BUNDLE_IDENTIFIER = GirogiMeskhi.GameNewsUITests;
				PRODUCT_NAME = "$(TARGET_NAME)";
				SWIFT_VERSION = 5.0;
				TARGETED_DEVICE_FAMILY = "1,2";
				TEST_TARGET_NAME = GameNews;
			};
			name = Release;
		};
/* End XCBuildConfiguration section */

/* Begin XCConfigurationList section */
		849B5F7D2646ABB70095C3E9 /* Build configuration list for PBXProject "GameNews" */ = {
			isa = XCConfigurationList;
			buildConfigurations = (
				849B5FAD2646ABBB0095C3E9 /* Debug */,
				849B5FAE2646ABBB0095C3E9 /* Release */,
			);
			defaultConfigurationIsVisible = 0;
			defaultConfigurationName = Release;
		};
		849B5FAF2646ABBB0095C3E9 /* Build configuration list for PBXNativeTarget "GameNews" */ = {
			isa = XCConfigurationList;
			buildConfigurations = (
				849B5FB02646ABBB0095C3E9 /* Debug */,
				849B5FB12646ABBB0095C3E9 /* Release */,
			);
			defaultConfigurationIsVisible = 0;
			defaultConfigurationName = Release;
		};
		849B5FB22646ABBB0095C3E9 /* Build configuration list for PBXNativeTarget "GameNewsTests" */ = {
			isa = XCConfigurationList;
			buildConfigurations = (
				849B5FB32646ABBB0095C3E9 /* Debug */,
				849B5FB42646ABBB0095C3E9 /* Release */,
			);
			defaultConfigurationIsVisible = 0;
			defaultConfigurationName = Release;
		};
		849B5FB52646ABBB0095C3E9 /* Build configuration list for PBXNativeTarget "GameNewsUITests" */ = {
			isa = XCConfigurationList;
			buildConfigurations = (
				849B5FB62646ABBB0095C3E9 /* Debug */,
				849B5FB72646ABBB0095C3E9 /* Release */,
			);
			defaultConfigurationIsVisible = 0;
			defaultConfigurationName = Release;
		};
/* End XCConfigurationList section */

/* Begin XCRemoteSwiftPackageReference section */
		8436D69C266BA275001715B1 /* XCRemoteSwiftPackageReference "Kingfisher" */ = {
			isa = XCRemoteSwiftPackageReference;
			repositoryURL = "https://github.com/onevcat/Kingfisher";
			requirement = {
				kind = upToNextMajorVersion;
				minimumVersion = 6.3.0;
			};
		};
		843BE21D2660DB1B004099C1 /* XCRemoteSwiftPackageReference "firebase-ios-sdk" */ = {
			isa = XCRemoteSwiftPackageReference;
			repositoryURL = "https://github.com/firebase/firebase-ios-sdk.git";
			requirement = {
				kind = upToNextMajorVersion;
				minimumVersion = 8.0.0;
			};
		};
		847DA2CA2663AE560069FF84 /* XCRemoteSwiftPackageReference "SwiftSoup" */ = {
			isa = XCRemoteSwiftPackageReference;
			repositoryURL = "https://github.com/scinfu/SwiftSoup";
			requirement = {
				kind = upToNextMajorVersion;
				minimumVersion = 2.3.2;
			};
		};
/* End XCRemoteSwiftPackageReference section */

/* Begin XCSwiftPackageProductDependency section */
		8436D69D266BA275001715B1 /* Kingfisher */ = {
			isa = XCSwiftPackageProductDependency;
			package = 8436D69C266BA275001715B1 /* XCRemoteSwiftPackageReference "Kingfisher" */;
			productName = Kingfisher;
		};
		843BE21E2660DB1B004099C1 /* FirebaseFirestore */ = {
			isa = XCSwiftPackageProductDependency;
			package = 843BE21D2660DB1B004099C1 /* XCRemoteSwiftPackageReference "firebase-ios-sdk" */;
			productName = FirebaseFirestore;
		};
		843BE2202660DB1B004099C1 /* FirebaseInstallations */ = {
			isa = XCSwiftPackageProductDependency;
			package = 843BE21D2660DB1B004099C1 /* XCRemoteSwiftPackageReference "firebase-ios-sdk" */;
			productName = FirebaseInstallations;
		};
		843BE2222660DB1B004099C1 /* FirebaseDatabase */ = {
			isa = XCSwiftPackageProductDependency;
			package = 843BE21D2660DB1B004099C1 /* XCRemoteSwiftPackageReference "firebase-ios-sdk" */;
			productName = FirebaseDatabase;
		};
		843BE2242660DB1B004099C1 /* FirebaseFirestoreSwift-Beta */ = {
			isa = XCSwiftPackageProductDependency;
			package = 843BE21D2660DB1B004099C1 /* XCRemoteSwiftPackageReference "firebase-ios-sdk" */;
			productName = "FirebaseFirestoreSwift-Beta";
		};
		843BE2262660DB1B004099C1 /* FirebaseStorageSwift-Beta */ = {
			isa = XCSwiftPackageProductDependency;
			package = 843BE21D2660DB1B004099C1 /* XCRemoteSwiftPackageReference "firebase-ios-sdk" */;
			productName = "FirebaseStorageSwift-Beta";
		};
		843BE2282660DB1B004099C1 /* FirebaseStorage */ = {
			isa = XCSwiftPackageProductDependency;
			package = 843BE21D2660DB1B004099C1 /* XCRemoteSwiftPackageReference "firebase-ios-sdk" */;
			productName = FirebaseStorage;
		};
		843BE22A2660DB1B004099C1 /* FirebaseFunctions */ = {
			isa = XCSwiftPackageProductDependency;
			package = 843BE21D2660DB1B004099C1 /* XCRemoteSwiftPackageReference "firebase-ios-sdk" */;
			productName = FirebaseFunctions;
		};
		843BE22C2660DB1B004099C1 /* FirebaseAuth */ = {
			isa = XCSwiftPackageProductDependency;
			package = 843BE21D2660DB1B004099C1 /* XCRemoteSwiftPackageReference "firebase-ios-sdk" */;
			productName = FirebaseAuth;
		};
		847DA2CB2663AE560069FF84 /* SwiftSoup */ = {
			isa = XCSwiftPackageProductDependency;
			package = 847DA2CA2663AE560069FF84 /* XCRemoteSwiftPackageReference "SwiftSoup" */;
			productName = SwiftSoup;
		};
/* End XCSwiftPackageProductDependency section */

/* Begin XCVersionGroup section */
		849B5F8E2646ABB70095C3E9 /* GameNews.xcdatamodeld */ = {
			isa = XCVersionGroup;
			children = (
				849B5F8F2646ABB70095C3E9 /* GameNews.xcdatamodel */,
			);
			currentVersion = 849B5F8F2646ABB70095C3E9 /* GameNews.xcdatamodel */;
			path = GameNews.xcdatamodeld;
			sourceTree = "<group>";
			versionGroupType = wrapper.xcdatamodel;
		};
/* End XCVersionGroup section */
	};
	rootObject = 849B5F7A2646ABB70095C3E9 /* Project object */;
}
